
Microsoft Visual Studio Solution File, Format Version 12.00
# Visual Studio 15
VisualStudioVersion = 15.0.28307.572
MinimumVisualStudioVersion = 10.0.40219.1
Project("{8BC9CEB8-8B4A-11D0-8D11-00A0C91BC942}") = "COSE213-01-Assignment3", "COSE213-01-Assignment3\COSE213-01-Assignment3.vcxproj", "{26007D44-9548-424C-9747-AF12E8CE1367}"
EndProject
Global
	GlobalSection(SolutionConfigurationPlatforms) = preSolution
		Debug|x64 = Debug|x64
		Debug|x86 = Debug|x86
		Release|x64 = Release|x64
		Release|x86 = Release|x86
	EndGlobalSection
	GlobalSection(ProjectConfigurationPlatforms) = postSolution
		{26007D44-9548-424C-9747-AF12E8CE1367}.Debug|x64.ActiveCfg = Debug|x64
		{26007D44-9548-424C-9747-AF12E8CE1367}.Debug|x64.Build.0 = Debug|x64
		{26007D44-9548-424C-9747-AF12E8CE1367}.Debug|x86.ActiveCfg = Debug|Win32
		{26007D44-9548-424C-9747-AF12E8CE1367}.Debug|x86.Build.0 = Debug|Win32
		{26007D44-9548-424C-9747-AF12E8CE1367}.Release|x64.ActiveCfg = Release|x64
		{26007D44-9548-424C-9747-AF12E8CE1367}.Release|x64.Build.0 = Release|x64
		{26007D44-9548-424C-9747-AF12E8CE1367}.Release|x86.ActiveCfg = Release|Win32
		{26007D44-9548-424C-9747-AF12E8CE1367}.Release|x86.Build.0 = Release|Win32
	EndGlobalSection
	GlobalSection(SolutionProperties) = preSolution
		HideSolutionNode = FALSE
	EndGlobalSection
	GlobalSection(ExtensibilityGlobals) = postSolution
		SolutionGuid = {DB455305-01ED-4CCA-9A8D-2B8748FCF2A2}
	EndGlobalSection
EndGlobal
